
Microsoft Visual Studio Solution File, Format Version 12.00
# Visual Studio 15
VisualStudioVersion = 15.0.28307.421
MinimumVisualStudioVersion = 10.0.40219.1
Project("{FAE04EC0-301F-11D3-BF4B-00C04F79EFBC}") = "Reminder", "Reminder\Reminder.csproj", "{A4F0E87D-74AA-4AEF-81D0-A81E2C2727BC}"
EndProject
Global
	GlobalSection(SolutionConfigurationPlatforms) = preSolution
		Debug|Any CPU = Debug|Any CPU
		Release|Any CPU = Release|Any CPU
	EndGlobalSection
	GlobalSection(ProjectConfigurationPlatforms) = postSolution
		{A4F0E87D-74AA-4AEF-81D0-A81E2C2727BC}.Debug|Any CPU.ActiveCfg = Debug|Any CPU
		{A4F0E87D-74AA-4AEF-81D0-A81E2C2727BC}.Debug|Any CPU.Build.0 = Debug|Any CPU
		{A4F0E87D-74AA-4AEF-81D0-A81E2C2727BC}.Release|Any CPU.ActiveCfg = Release|Any CPU
		{A4F0E87D-74AA-4AEF-81D0-A81E2C2727BC}.Release|Any CPU.Build.0 = Release|Any CPU
	EndGlobalSection
	GlobalSection(SolutionProperties) = preSolution
		HideSolutionNode = FALSE
	EndGlobalSection
	GlobalSection(ExtensibilityGlobals) = postSolution
		SolutionGuid = {1F0BF950-BC2B-411B-B55A-1708A097A61A}
	EndGlobalSection
EndGlobal
